Microsoft Visual Studio Solution File, Format Version 12.00
# Visual Studio Version 17
VisualStudioVersion = 17.5.2.0
MinimumVisualStudioVersion = 10.0.40219.1
Project("{FAE04EC0-301F-11D3-BF4B-00C04F79EFBC}") = "AppwriteDemo", "AppwriteDemo.csproj", "{8CD21C3D-4ABC-FF89-6BD7-C76F3610081A}"
EndProject
Global
	GlobalSection(SolutionConfigurationPlatforms) = preSolution
		Debug|Any CPU = Debug|Any CPU
		Release|Any CPU = Release|Any CPU
	EndGlobalSection
	GlobalSection(ProjectConfigurationPlatforms) = postSolution
		{8CD21C3D-4ABC-FF89-6BD7-C76F3610081A}.Debug|Any CPU.ActiveCfg = Debug|Any CPU
		{8CD21C3D-4ABC-FF89-6BD7-C76F3610081A}.Debug|Any CPU.Build.0 = Debug|Any CPU
		{8CD21C3D-4ABC-FF89-6BD7-C76F3610081A}.Release|Any CPU.ActiveCfg = Release|Any CPU
		{8CD21C3D-4ABC-FF89-6BD7-C76F3610081A}.Release|Any CPU.Build.0 = Release|Any CPU
	EndGlobalSection
	GlobalSection(SolutionProperties) = preSolution
		HideSolutionNode = FALSE
	EndGlobalSection
	GlobalSection(ExtensibilityGlobals) = postSolution
		SolutionGuid = {5DC6F1AF-207F-4532-8AF9-B5F3503562AA}
	EndGlobalSection
EndGlobal
